
Microsoft Visual Studio Solution File, Format Version 12.00
# Visual Studio Version 17
VisualStudioVersion = 17.8.34408.163
MinimumVisualStudioVersion = 10.0.40219.1
Project("{FAE04EC0-301F-11D3-BF4B-00C04F79EFBC}") = "Segura", "Segura.csproj", "{D08E77F1-956C-4C4A-8932-C9672358A33A}"
EndProject
Global
	GlobalSection(SolutionConfigurationPlatforms) = preSolution
		Debug|Any CPU = Debug|Any CPU
		Release|Any CPU = Release|Any CPU
	EndGlobalSection
	GlobalSection(ProjectConfigurationPlatforms) = postSolution
		{D08E77F1-956C-4C4A-8932-C9672358A33A}.Debug|Any CPU.ActiveCfg = Debug|Any CPU
		{D08E77F1-956C-4C4A-8932-C9672358A33A}.Debug|Any CPU.Build.0 = Debug|Any CPU
		{D08E77F1-956C-4C4A-8932-C9672358A33A}.Debug|Any CPU.Deploy.0 = Debug|Any CPU
		{D08E77F1-956C-4C4A-8932-C9672358A33A}.Release|Any CPU.ActiveCfg = Release|Any CPU
		{D08E77F1-956C-4C4A-8932-C9672358A33A}.Release|Any CPU.Build.0 = Release|Any CPU
		{D08E77F1-956C-4C4A-8932-C9672358A33A}.Release|Any CPU.Deploy.0 = Release|Any CPU
	EndGlobalSection
	GlobalSection(SolutionProperties) = preSolution
		HideSolutionNode = FALSE
	EndGlobalSection
	GlobalSection(ExtensibilityGlobals) = postSolution
		SolutionGuid = {D46F7CD0-8B85-4AAD-812D-817832FAE4A1}
	EndGlobalSection
EndGlobal
